
Microsoft Visual Studio Solution File, Format Version 12.00
# Visual Studio Version 17
VisualStudioVersion = 17.0.32112.339
MinimumVisualStudioVersion = 10.0.40219.1
Project("{FAE04EC0-301F-11D3-BF4B-00C04F79EFBC}") = "Asm1651", "Asm1651\Asm1651.csproj", "{3D8FC701-7232-4CCC-AEEE-250E63F4B9FD}"
EndProject
Global
	GlobalSection(SolutionConfigurationPlatforms) = preSolution
		Debug|Any CPU = Debug|Any CPU
		Release|Any CPU = Release|Any CPU
	EndGlobalSection
	GlobalSection(ProjectConfigurationPlatforms) = postSolution
		{3D8FC701-7232-4CCC-AEEE-250E63F4B9FD}.Debug|Any CPU.ActiveCfg = Debug|Any CPU
		{3D8FC701-7232-4CCC-AEEE-250E63F4B9FD}.Debug|Any CPU.Build.0 = Debug|Any CPU
		{3D8FC701-7232-4CCC-AEEE-250E63F4B9FD}.Release|Any CPU.ActiveCfg = Release|Any CPU
		{3D8FC701-7232-4CCC-AEEE-250E63F4B9FD}.Release|Any CPU.Build.0 = Release|Any CPU
	EndGlobalSection
	GlobalSection(SolutionProperties) = preSolution
		HideSolutionNode = FALSE
	EndGlobalSection
	GlobalSection(ExtensibilityGlobals) = postSolution
		SolutionGuid = {588D1272-CEFB-4776-87BC-03616C27F2A7}
	EndGlobalSection
EndGlobal
